
Microsoft Visual Studio Solution File, Format Version 12.00
# Visual Studio Version 17
VisualStudioVersion = 17.7.34018.315
MinimumVisualStudioVersion = 10.0.40219.1
Project("{FAE04EC0-301F-11D3-BF4B-00C04F79EFBC}") = "CSV_to_KV-pairs", "CSV_to_KV-pairs.csproj", "{FC03A85D-7DF4-4B55-B23C-29B89A23E997}"
EndProject
Global
	GlobalSection(SolutionConfigurationPlatforms) = preSolution
		Debug|Any CPU = Debug|Any CPU
		Release|Any CPU = Release|Any CPU
	EndGlobalSection
	GlobalSection(ProjectConfigurationPlatforms) = postSolution
		{FC03A85D-7DF4-4B55-B23C-29B89A23E997}.Debug|Any CPU.ActiveCfg = Debug|Any CPU
		{FC03A85D-7DF4-4B55-B23C-29B89A23E997}.Debug|Any CPU.Build.0 = Debug|Any CPU
		{FC03A85D-7DF4-4B55-B23C-29B89A23E997}.Release|Any CPU.ActiveCfg = Release|Any CPU
		{FC03A85D-7DF4-4B55-B23C-29B89A23E997}.Release|Any CPU.Build.0 = Release|Any CPU
	EndGlobalSection
	GlobalSection(SolutionProperties) = preSolution
		HideSolutionNode = FALSE
	EndGlobalSection
	GlobalSection(ExtensibilityGlobals) = postSolution
		SolutionGuid = {CBE3AB31-6B97-4ACC-847A-603A48EAADE6}
	EndGlobalSection
EndGlobal
